
Microsoft Visual Studio Solution File, Format Version 12.00
# Visual Studio Version 17
VisualStudioVersion = 17.9.34902.65
MinimumVisualStudioVersion = 10.0.40219.1
Project("{9A19103F-16F7-4668-BE54-9A1E7A4F7556}") = "FileSorter", "RawSorter\FileSorter.csproj", "{18CB40EF-957C-495B-B524-41737FFD7802}"
EndProject
Project("{9A19103F-16F7-4668-BE54-9A1E7A4F7556}") = "FileSorter.Desktop", "RawSorter.Desktop\FileSorter.Desktop.csproj", "{C7174E2C-0880-4996-9CEA-12C02623AF8F}"
EndProject
Global
	GlobalSection(SolutionConfigurationPlatforms) = preSolution
		Debug|Any CPU = Debug|Any CPU
		Release|Any CPU = Release|Any CPU
	EndGlobalSection
	GlobalSection(ProjectConfigurationPlatforms) = postSolution
		{18CB40EF-957C-495B-B524-41737FFD7802}.Debug|Any CPU.ActiveCfg = Debug|Any CPU
		{18CB40EF-957C-495B-B524-41737FFD7802}.Debug|Any CPU.Build.0 = Debug|Any CPU
		{18CB40EF-957C-495B-B524-41737FFD7802}.Release|Any CPU.ActiveCfg = Release|Any CPU
		{18CB40EF-957C-495B-B524-41737FFD7802}.Release|Any CPU.Build.0 = Release|Any CPU
		{C7174E2C-0880-4996-9CEA-12C02623AF8F}.Debug|Any CPU.ActiveCfg = Debug|Any CPU
		{C7174E2C-0880-4996-9CEA-12C02623AF8F}.Debug|Any CPU.Build.0 = Debug|Any CPU
		{C7174E2C-0880-4996-9CEA-12C02623AF8F}.Release|Any CPU.ActiveCfg = Release|Any CPU
		{C7174E2C-0880-4996-9CEA-12C02623AF8F}.Release|Any CPU.Build.0 = Release|Any CPU
	EndGlobalSection
	GlobalSection(SolutionProperties) = preSolution
		HideSolutionNode = FALSE
	EndGlobalSection
	GlobalSection(ExtensibilityGlobals) = postSolution
		SolutionGuid = {FB062604-D1BB-4300-A41D-AFC91D2E22DD}
	EndGlobalSection
EndGlobal
